
Microsoft Visual Studio Solution File, Format Version 12.00
# Visual Studio Version 17
VisualStudioVersion = 17.7.34031.279
MinimumVisualStudioVersion = 10.0.40219.1
Project("{FAE04EC0-301F-11D3-BF4B-00C04F79EFBC}") = "ApplicationPlateformeTrading", "ApplicationPlateformeTrading\ApplicationPlateformeTrading.csproj", "{5EAC7335-665E-4A94-BC8A-C6D24A75C90D}"
EndProject
Global
	GlobalSection(SolutionConfigurationPlatforms) = preSolution
		Debug|Any CPU = Debug|Any CPU
		Release|Any CPU = Release|Any CPU
	EndGlobalSection
	GlobalSection(ProjectConfigurationPlatforms) = postSolution
		{5EAC7335-665E-4A94-BC8A-C6D24A75C90D}.Debug|Any CPU.ActiveCfg = Debug|Any CPU
		{5EAC7335-665E-4A94-BC8A-C6D24A75C90D}.Debug|Any CPU.Build.0 = Debug|Any CPU
		{5EAC7335-665E-4A94-BC8A-C6D24A75C90D}.Debug|Any CPU.Deploy.0 = Debug|Any CPU
		{5EAC7335-665E-4A94-BC8A-C6D24A75C90D}.Release|Any CPU.ActiveCfg = Release|Any CPU
		{5EAC7335-665E-4A94-BC8A-C6D24A75C90D}.Release|Any CPU.Build.0 = Release|Any CPU
		{5EAC7335-665E-4A94-BC8A-C6D24A75C90D}.Release|Any CPU.Deploy.0 = Release|Any CPU
	EndGlobalSection
	GlobalSection(SolutionProperties) = preSolution
		HideSolutionNode = FALSE
	EndGlobalSection
	GlobalSection(ExtensibilityGlobals) = postSolution
		SolutionGuid = {F9FC8161-8E51-40B8-9C02-3DF638F5D888}
	EndGlobalSection
EndGlobal
